date: 04.10.2019
10mm flat:
  three finger drag:
    left:  -1
    right: -1

  open hand:
    left:  75
    right: 75

  full crimp:
    left:  72.5
    right: 72.5

  half crimp:
    left:  67.5
    right: 70

7mm incut:
  three finger drag:
    left:  -1
    right: -1

  open hand:
    left:  -1
    right: -1

  half crimp:
    left:  -1
    right: -1

  full crimp:
    left:  60
    right: 60

20mm flat:
  three finger drag:
    left:  67.5
    right: 67.5

  open hand:
    left:  -1
    right: -1

  full crimp:
    left:  -1
    right: -1

  half crimp:
    left:  -1
    right: -1

pinch:
  two block:
    left:  37.5
    right: 40
  three block:
    left:  35
    right: 35
  four block:
    left:  35
    right: 35
